
Microsoft Visual Studio Solution File, Format Version 12.00
# Visual Studio Version 17
VisualStudioVersion = 17.4.33110.190
MinimumVisualStudioVersion = 10.0.40219.1
Project("{FAE04EC0-301F-11D3-BF4B-00C04F79EFBC}") = "6.9", "6.9\6.9.csproj", "{7B47371A-3022-4700-A252-348FB304C3E8}"
EndProject
Global
	GlobalSection(SolutionConfigurationPlatforms) = preSolution
		Debug|Any CPU = Debug|Any CPU
		Release|Any CPU = Release|Any CPU
	EndGlobalSection
	GlobalSection(ProjectConfigurationPlatforms) = postSolution
		{7B47371A-3022-4700-A252-348FB304C3E8}.Debug|Any CPU.ActiveCfg = Debug|Any CPU
		{7B47371A-3022-4700-A252-348FB304C3E8}.Debug|Any CPU.Build.0 = Debug|Any CPU
		{7B47371A-3022-4700-A252-348FB304C3E8}.Release|Any CPU.ActiveCfg = Release|Any CPU
		{7B47371A-3022-4700-A252-348FB304C3E8}.Release|Any CPU.Build.0 = Release|Any CPU
	EndGlobalSection
	GlobalSection(SolutionProperties) = preSolution
		HideSolutionNode = FALSE
	EndGlobalSection
	GlobalSection(ExtensibilityGlobals) = postSolution
		SolutionGuid = {8ABCE403-E6A2-4ED2-BB24-211940DBDD5D}
	EndGlobalSection
EndGlobal
